// !$*UTF8*$!
{
	archiveVersion = 1;
	classes = {
	};
	objectVersion = 50;
	objects = {

/* Begin PBXBuildFile section */
		A2B69CEA2704A25800FA3937 /* AppDelegate.swift in Sources */ = {isa = PBXBuildFile; fileRef = A2B69CE92704A25800FA3937 /* AppDelegate.swift */; };
		A2B69CEC2704A25800FA3937 /* SceneDelegate.swift in Sources */ = {isa = PBXBuildFile; fileRef = A2B69CEB2704A25800FA3937 /* SceneDelegate.swift */; };
		A2B69CEE2704A25800FA3937 /* ViewController.swift in Sources */ = {isa = PBXBuildFile; fileRef = A2B69CED2704A25800FA3937 /* ViewController.swift */; };
		A2B69CF32704A26700FA3937 /* Assets.xcassets in Resources */ = {isa = PBXBuildFile; fileRef = A2B69CF22704A26700FA3937 /* Assets.xcassets */; };
		A2B69CF62704A26700FA3937 /* LaunchScreen.storyboard in Resources */ = {isa = PBXBuildFile; fileRef = A2B69CF42704A26700FA3937 /* LaunchScreen.storyboard */; };
		A2B69D012704A26700FA3937 /* NYTNewsTests.swift in Sources */ = {isa = PBXBuildFile; fileRef = A2B69D002704A26700FA3937 /* NYTNewsTests.swift */; };
		A2B69D0C2704A26800FA3937 /* NYTNewsUITests.swift in Sources */ = {isa = PBXBuildFile; fileRef = A2B69D0B2704A26800FA3937 /* NYTNewsUITests.swift */; };
/* End PBXBuildFile section */

/* Begin PBXContainerItemProxy section */
		A2B69CFD2704A26700FA3937 /* PBXContainerItemProxy */ = {
			isa = PBXContainerItemProxy;
			containerPortal = A2B69CDE2704A25800FA3937 /* Project object */;
			proxyType = 1;
			remoteGlobalIDString = A2B69CE52704A25800FA3937;
			remoteInfo = NYTNews;
		};
		A2B69D082704A26800FA3937 /* PBXContainerItemProxy */ = {
			isa = PBXContainerItemProxy;
			containerPortal = A2B69CDE2704A25800FA3937 /* Project object */;
			proxyType = 1;
			remoteGlobalIDString = A2B69CE52704A25800FA3937;
			remoteInfo = NYTNews;
		};
/* End PBXContainerItemProxy section */

/* Begin PBXFileReference section */
		A2B69CE62704A25800FA3937 /* NYTNews.app */ = {isa = PBXFileReference; explicitFileType = wrapper.application; includeInIndex = 0; path = NYTNews.app; sourceTree = BUILT_PRODUCTS_DIR; };
		A2B69CE92704A25800FA3937 /* AppDelegate.swift */ = {isa = PBXFileReference; lastKnownFileType = sourcecode.swift; path = AppDelegate.swift; sourceTree = "<group>"; };
		A2B69CEB2704A25800FA3937 /* SceneDelegate.swift */ = {isa = PBXFileReference; lastKnownFileType = sourcecode.swift; path = SceneDelegate.swift; sourceTree = "<group>"; };
		A2B69CED2704A25800FA3937 /* ViewController.swift */ = {isa = PBXFileReference; lastKnownFileType = sourcecode.swift; path = ViewController.swift; sourceTree = "<group>"; };
		A2B69CF22704A26700FA3937 /* Assets.xcassets */ = {isa = PBXFileReference; lastKnownFileType = folder.assetcatalog; path = Assets.xcassets; sourceTree = "<group>"; };
		A2B69CF52704A26700FA3937 /* Base */ = {isa = PBXFileReference; lastKnownFileType = file.storyboard; name = Base; path = Base.lproj/LaunchScreen.storyboard; sourceTree = "<group>"; };
		A2B69CF72704A26700FA3937 /* Info.plist */ = {isa = PBXFileReference; lastKnownFileType = text.plist.xml; path = Info.plist; sourceTree = "<group>"; };
		A2B69CFC2704A26700FA3937 /* NYTNewsTests.xctest */ = {isa = PBXFileReference; explicitFileType = wrapper.cfbundle; includeInIndex = 0; path = NYTNewsTests.xctest; sourceTree = BUILT_PRODUCTS_DIR; };
		A2B69D002704A26700FA3937 /* NYTNewsTests.swift */ = {isa = PBXFileReference; lastKnownFileType = sourcecode.swift; path = NYTNewsTests.swift; sourceTree = "<group>"; };
		A2B69D022704A26700FA3937 /* Info.plist */ = {isa = PBXFileReference; lastKnownFileType = text.plist.xml; path = Info.plist; sourceTree = "<group>"; };
		A2B69D072704A26800FA3937 /* NYTNewsUITests.xctest */ = {isa = PBXFileReference; explicitFileType = wrapper.cfbundle; includeInIndex = 0; path = NYTNewsUITests.xctest; sourceTree = BUILT_PRODUCTS_DIR; };
		A2B69D0B2704A26800FA3937 /* NYTNewsUITests.swift */ = {isa = PBXFileReference; lastKnownFileType = sourcecode.swift; path = NYTNewsUITests.swift; sourceTree = "<group>"; };
		A2B69D0D2704A26800FA3937 /* Info.plist */ = {isa = PBXFileReference; lastKnownFileType = text.plist.xml; path = Info.plist; sourceTree = "<group>"; };
/* End PBXFileReference section */

/* Begin PBXFrameworksBuildPhase section */
		A2B69CE32704A25800FA3937 /* Frameworks */ = {
			isa = PBXFrameworksBuildPhase;
			buildActionMask = 2147483647;
			files = (
			);
			runOnlyForDeploymentPostprocessing = 0;
		};
		A2B69CF92704A26700FA3937 /* Frameworks */ = {
			isa = PBXFrameworksBuildPhase;
			buildActionMask = 2147483647;
			files = (
			);
			runOnlyForDeploymentPostprocessing = 0;
		};
		A2B69D042704A26700FA3937 /* Frameworks */ = {
			isa = PBXFrameworksBuildPhase;
			buildActionMask = 2147483647;
			files = (
			);
			runOnlyForDeploymentPostprocessing = 0;
		};
/* End PBXFrameworksBuildPhase section */

/* Begin PBXGroup section */
		A2B69CDD2704A25800FA3937 = {
			isa = PBXGroup;
			children = (
				A2B69CE82704A25800FA3937 /* NYTNews */,
				A2B69CFF2704A26700FA3937 /* NYTNewsTests */,
				A2B69D0A2704A26800FA3937 /* NYTNewsUITests */,
				A2B69CE72704A25800FA3937 /* Products */,
			);
			sourceTree = "<group>";
		};
		A2B69CE72704A25800FA3937 /* Products */ = {
			isa = PBXGroup;
			children = (
				A2B69CE62704A25800FA3937 /* NYTNews.app */,
				A2B69CFC2704A26700FA3937 /* NYTNewsTests.xctest */,
				A2B69D072704A26800FA3937 /* NYTNewsUITests.xctest */,
			);
			name = Products;
			sourceTree = "<group>";
		};
		A2B69CE82704A25800FA3937 /* NYTNews */ = {
			isa = PBXGroup;
			children = (
				A2B69CE92704A25800FA3937 /* AppDelegate.swift */,
				A2B69CEB2704A25800FA3937 /* SceneDelegate.swift */,
				A2B69CED2704A25800FA3937 /* ViewController.swift */,
				A2B69CF22704A26700FA3937 /* Assets.xcassets */,
				A2B69CF42704A26700FA3937 /* LaunchScreen.storyboard */,
				A2B69CF72704A26700FA3937 /* Info.plist */,
			);
			path = NYTNews;
			sourceTree = "<group>";
		};
		A2B69CFF2704A26700FA3937 /* NYTNewsTests */ = {
			isa = PBXGroup;
			children = (
				A2B69D002704A26700FA3937 /* NYTNewsTests.swift */,
				A2B69D022704A26700FA3937 /* Info.plist */,
			);
			path = NYTNewsTests;
			sourceTree = "<group>";
		};
		A2B69D0A2704A26800FA3937 /* NYTNewsUITests */ = {
			isa = PBXGroup;
			children = (
				A2B69D0B2704A26800FA3937 /* NYTNewsUITests.swift */,
				A2B69D0D2704A26800FA3937 /* Info.plist */,
			);
			path = NYTNewsUITests;
			sourceTree = "<group>";
		};
/* End PBXGroup section */

/* Begin PBXNativeTarget section */
		A2B69CE52704A25800FA3937 /* NYTNews */ = {
			isa = PBXNativeTarget;
			buildConfigurationList = A2B69D102704A26800FA3937 /* Build configuration list for PBXNativeTarget "NYTNews" */;
			buildPhases = (
				A2B69CE22704A25800FA3937 /* Sources */,
				A2B69CE32704A25800FA3937 /* Frameworks */,
				A2B69CE42704A25800FA3937 /* Resources */,
			);
			buildRules = (
			);
			dependencies = (
			);
			name = NYTNews;
			productName = NYTNews;
			productReference = A2B69CE62704A25800FA3937 /* NYTNews.app */;
			productType = "com.apple.product-type.application";
		};
		A2B69CFB2704A26700FA3937 /* NYTNewsTests */ = {
			isa = PBXNativeTarget;
			buildConfigurationList = A2B69D132704A26800FA3937 /* Build configuration list for PBXNativeTarget "NYTNewsTests" */;
			buildPhases = (
				A2B69CF82704A26700FA3937 /* Sources */,
				A2B69CF92704A26700FA3937 /* Frameworks */,
				A2B69CFA2704A26700FA3937 /* Resources */,
			);
			buildRules = (
			);
			dependencies = (
				A2B69CFE2704A26700FA3937 /* PBXTargetDependency */,
			);
			name = NYTNewsTests;
			productName = NYTNewsTests;
			productReference = A2B69CFC2704A26700FA3937 /* NYTNewsTests.xctest */;
			productType = "com.apple.product-type.bundle.unit-test";
		};
		A2B69D062704A26700FA3937 /* NYTNewsUITests */ = {
			isa = PBXNativeTarget;
			buildConfigurationList = A2B69D162704A26800FA3937 /* Build configuration list for PBXNativeTarget "NYTNewsUITests" */;
			buildPhases = (
				A2B69D032704A26700FA3937 /* Sources */,
				A2B69D042704A26700FA3937 /* Frameworks */,
				A2B69D052704A26700FA3937 /* Resources */,
			);
			buildRules = (
			);
			dependencies = (
				A2B69D092704A26800FA3937 /* PBXTargetDependency */,
			);
			name = NYTNewsUITests;
			productName = NYTNewsUITests;
			productReference = A2B69D072704A26800FA3937 /* NYTNewsUITests.xctest */;
			productType = "com.apple.product-type.bundle.ui-testing";
		};
/* End PBXNativeTarget section */

/* Begin PBXProject section */
		A2B69CDE2704A25800FA3937 /* Project object */ = {
			isa = PBXProject;
			attributes = {
				LastSwiftUpdateCheck = 1240;
				LastUpgradeCheck = 1240;
				TargetAttributes = {
					A2B69CE52704A25800FA3937 = {
						CreatedOnToolsVersion = 12.4;
					};
					A2B69CFB2704A26700FA3937 = {
						CreatedOnToolsVersion = 12.4;
						TestTargetID = A2B69CE52704A25800FA3937;
					};
					A2B69D062704A26700FA3937 = {
						CreatedOnToolsVersion = 12.4;
						TestTargetID = A2B69CE52704A25800FA3937;
					};
				};
			};
			buildConfigurationList = A2B69CE12704A25800FA3937 /* Build configuration list for PBXProject "NYTNews" */;
			compatibilityVersion = "Xcode 9.3";
			developmentRegion = en;
			hasScannedForEncodings = 0;
			knownRegions = (
				en,
				Base,
			);
			mainGroup = A2B69CDD2704A25800FA3937;
			productRefGroup = A2B69CE72704A25800FA3937 /* Products */;
			projectDirPath = "";
			projectRoot = "";
			targets = (
				A2B69CE52704A25800FA3937 /* NYTNews */,
				A2B69CFB2704A26700FA3937 /* NYTNewsTests */,
				A2B69D062704A26700FA3937 /* NYTNewsUITests */,
			);
		};
/* End PBXProject section */

/* Begin PBXResourcesBuildPhase section */
		A2B69CE42704A25800FA3937 /* Resources */ = {
			isa = PBXResourcesBuildPhase;
			buildActionMask = 2147483647;
			files = (
				A2B69CF62704A26700FA3937 /* LaunchScreen.storyboard in Resources */,
				A2B69CF32704A26700FA3937 /* Assets.xcassets in Resources */,
			);
			runOnlyForDeploymentPostprocessing = 0;
		};
		A2B69CFA2704A26700FA3937 /* Resources */ = {
			isa = PBXResourcesBuildPhase;
			buildActionMask = 2147483647;
			files = (
			);
			runOnlyForDeploymentPostprocessing = 0;
		};
		A2B69D052704A26700FA3937 /* Resources */ = {
			isa = PBXResourcesBuildPhase;
			buildActionMask = 2147483647;
			files = (
			);
			runOnlyForDeploymentPostprocessing = 0;
		};
/* End PBXResourcesBuildPhase section */

/* Begin PBXSourcesBuildPhase section */
		A2B69CE22704A25800FA3937 /* Sources */ = {
			isa = PBXSourcesBuildPhase;
			buildActionMask = 2147483647;
			files = (
				A2B69CEE2704A25800FA3937 /* ViewController.swift in Sources */,
				A2B69CEA2704A25800FA3937 /* AppDelegate.swift in Sources */,
				A2B69CEC2704A25800FA3937 /* SceneDelegate.swift in Sources */,
			);
			runOnlyForDeploymentPostprocessing = 0;
		};
		A2B69CF82704A26700FA3937 /* Sources */ = {
			isa = PBXSourcesBuildPhase;
			buildActionMask = 2147483647;
			files = (
				A2B69D012704A26700FA3937 /* NYTNewsTests.swift in Sources */,
			);
			runOnlyForDeploymentPostprocessing = 0;
		};
		A2B69D032704A26700FA3937 /* Sources */ = {
			isa = PBXSourcesBuildPhase;
			buildActionMask = 2147483647;
			files = (
				A2B69D0C2704A26800FA3937 /* NYTNewsUITests.swift in Sources */,
			);
			runOnlyForDeploymentPostprocessing = 0;
		};
/* End PBXSourcesBuildPhase section */

/* Begin PBXTargetDependency section */
		A2B69CFE2704A26700FA3937 /* PBXTargetDependency */ = {
			isa = PBXTargetDependency;
			target = A2B69CE52704A25800FA3937 /* NYTNews */;
			targetProxy = A2B69CFD2704A26700FA3937 /* PBXContainerItemProxy */;
		};
		A2B69D092704A26800FA3937 /* PBXTargetDependency */ = {
			isa = PBXTargetDependency;
			target = A2B69CE52704A25800FA3937 /* NYTNews */;
			targetProxy = A2B69D082704A26800FA3937 /* PBXContainerItemProxy */;
		};
/* End PBXTargetDependency section */

/* Begin PBXVariantGroup section */
		A2B69CF42704A26700FA3937 /* LaunchScreen.storyboard */ = {
			isa = PBXVariantGroup;
			children = (
				A2B69CF52704A26700FA3937 /* Base */,
			);
			name = LaunchScreen.storyboard;
			sourceTree = "<group>";
		};
/* End PBXVariantGroup section */

/* Begin XCBuildConfiguration section */
		A2B69D0E2704A26800FA3937 /* Debug */ = {
			isa = XCBuildConfiguration;
			buildSettings = {
				ALWAYS_SEARCH_USER_PATHS = NO;
				CLANG_ANALYZER_NONNULL = YES;
				CLANG_ANALYZER_NUMBER_OBJECT_CONVERSION = YES_AGGRESSIVE;
				CLANG_CXX_LANGUAGE_STANDARD = "gnu++14";
				CLANG_CXX_LIBRARY = "libc++";
				CLANG_ENABLE_MODULES = YES;
				CLANG_ENABLE_OBJC_ARC = YES;
				CLANG_ENABLE_OBJC_WEAK = YES;
				CLANG_WARN_BLOCK_CAPTURE_AUTORELEASING = YES;
				CLANG_WARN_BOOL_CONVERSION = YES;
				CLANG_WARN_COMMA = YES;
				CLANG_WARN_CONSTANT_CONVERSION = YES;
				CLANG_WARN_DEPRECATED_OBJC_IMPLEMENTATIONS = YES;
				CLANG_WARN_DIRECT_OBJC_ISA_USAGE = YES_ERROR;
				CLANG_WARN_DOCUMENTATION_COMMENTS = YES;
				CLANG_WARN_EMPTY_BODY = YES;
				CLANG_WARN_ENUM_CONVERSION = YES;
				CLANG_WARN_INFINITE_RECURSION = YES;
				CLANG_WARN_INT_CONVERSION = YES;
				CLANG_WARN_NON_LITERAL_NULL_CONVERSION = YES;
				CLANG_WARN_OBJC_IMPLICIT_RETAIN_SELF = YES;
				CLANG_WARN_OBJC_LITERAL_CONVERSION = YES;
				CLANG_WARN_OBJC_ROOT_CLASS = YES_ERROR;
				CLANG_WARN_QUOTED_INCLUDE_IN_FRAMEWORK_HEADER = YES;
				CLANG_WARN_RANGE_LOOP_ANALYSIS = YES;
				CLANG_WARN_STRICT_PROTOTYPES = YES;
				CLANG_WARN_SUSPICIOUS_MOVE = YES;
				CLANG_WARN_UNGUARDED_AVAILABILITY = YES_AGGRESSIVE;
				CLANG_WARN_UNREACHABLE_CODE = YES;
				CLANG_WARN__DUPLICATE_METHOD_MATCH = YES;
				COPY_PHASE_STRIP = NO;
				DEBUG_INFORMATION_FORMAT = dwarf;
				ENABLE_STRICT_OBJC_MSGSEND = YES;
				ENABLE_TESTABILITY = YES;
				GCC_C_LANGUAGE_STANDARD = gnu11;
				GCC_DYNAMIC_NO_PIC = NO;
				GCC_NO_COMMON_BLOCKS = YES;
				GCC_OPTIMIZATION_LEVEL = 0;
				GCC_PREPROCESSOR_DEFINITIONS = (
					"DEBUG=1",
					"$(inherited)",
				);
				GCC_WARN_64_TO_32_BIT_CONVERSION = YES;
				GCC_WARN_ABOUT_RETURN_TYPE = YES_ERROR;
				GCC_WARN_UNDECLARED_SELECTOR = YES;
				GCC_WARN_UNINITIALIZED_AUTOS = YES_AGGRESSIVE;
				GCC_WARN_UNUSED_FUNCTION = YES;
				GCC_WARN_UNUSED_VARIABLE = YES;
				IPHONEOS_DEPLOYMENT_TARGET = 14.4;
				MTL_ENABLE_DEBUG_INFO = INCLUDE_SOURCE;
				MTL_FAST_MATH = YES;
				ONLY_ACTIVE_ARCH = YES;
				SDKROOT = iphoneos;
				SWIFT_ACTIVE_COMPILATION_CONDITIONS = DEBUG;
				SWIFT_OPTIMIZATION_LEVEL = "-Onone";
			};
			name = Debug;
		};
		A2B69D0F2704A26800FA3937 /* Release */ = {
			isa = XCBuildConfiguration;
			buildSettings = {
				ALWAYS_SEARCH_USER_PATHS = NO;
				CLANG_ANALYZER_NONNULL = YES;
				CLANG_ANALYZER_NUMBER_OBJECT_CONVERSION = YES_AGGRESSIVE;
				CLANG_CXX_LANGUAGE_STANDARD = "gnu++14";
				CLANG_CXX_LIBRARY = "libc++";
				CLANG_ENABLE_MODULES = YES;
				CLANG_ENABLE_OBJC_ARC = YES;
				CLANG_ENABLE_OBJC_WEAK = YES;
				CLANG_WARN_BLOCK_CAPTURE_AUTORELEASING = YES;
				CLANG_WARN_BOOL_CONVERSION = YES;
				CLANG_WARN_COMMA = YES;
				CLANG_WARN_CONSTANT_CONVERSION = YES;
				CLANG_WARN_DEPRECATED_OBJC_IMPLEMENTATIONS = YES;
				CLANG_WARN_DIRECT_OBJC_ISA_USAGE = YES_ERROR;
				CLANG_WARN_DOCUMENTATION_COMMENTS = YES;
				CLANG_WARN_EMPTY_BODY = YES;
				CLANG_WARN_ENUM_CONVERSION = YES;
				CLANG_WARN_INFINITE_RECURSION = YES;
				CLANG_WARN_INT_CONVERSION = YES;
				CLANG_WARN_NON_LITERAL_NULL_CONVERSION = YES;
				CLANG_WARN_OBJC_IMPLICIT_RETAIN_SELF = YES;
				CLANG_WARN_OBJC_LITERAL_CONVERSION = YES;
				CLANG_WARN_OBJC_ROOT_CLASS = YES_ERROR;
				CLANG_WARN_QUOTED_INCLUDE_IN_FRAMEWORK_HEADER = YES;
				CLANG_WARN_RANGE_LOOP_ANALYSIS = YES;
				CLANG_WARN_STRICT_PROTOTYPES = YES;
				CLANG_WARN_SUSPICIOUS_MOVE = YES;
				CLANG_WARN_UNGUARDED_AVAILABILITY = YES_AGGRESSIVE;
				CLANG_WARN_UNREACHABLE_CODE = YES;
				CLANG_WARN__DUPLICATE_METHOD_MATCH = YES;
				COPY_PHASE_STRIP = NO;
				DEBUG_INFORMATION_FORMAT = "dwarf-with-dsym";
				ENABLE_NS_ASSERTIONS = NO;
				ENABLE_STRICT_OBJC_MSGSEND = YES;
				GCC_C_LANGUAGE_STANDARD = gnu11;
				GCC_NO_COMMON_BLOCKS = YES;
				GCC_WARN_64_TO_32_BIT_CONVERSION = YES;
				GCC_WARN_ABOUT_RETURN_TYPE = YES_ERROR;
				GCC_WARN_UNDECLARED_SELECTOR = YES;
				GCC_WARN_UNINITIALIZED_AUTOS = YES_AGGRESSIVE;
				GCC_WARN_UNUSED_FUNCTION = YES;
				GCC_WARN_UNUSED_VARIABLE = YES;
				IPHONEOS_DEPLOYMENT_TARGET = 14.4;
				MTL_ENABLE_DEBUG_INFO = NO;
				MTL_FAST_MATH = YES;
				SDKROOT = iphoneos;
				SWIFT_COMPILATION_MODE = wholemodule;
				SWIFT_OPTIMIZATION_LEVEL = "-O";
				VALIDATE_PRODUCT = YES;
			};
			name = Release;
		};
		A2B69D112704A26800FA3937 /* Debug */ = {
			isa = XCBuildConfiguration;
			buildSettings = {
				ASSETCATALOG_COMPILER_APPICON_NAME = AppIcon;
				ASSETCATALOG_COMPILER_GLOBAL_ACCENT_COLOR_NAME = AccentColor;
				CODE_SIGN_STYLE = Automatic;
				DEVELOPMENT_TEAM = 9MQ22N8A9M;
				INFOPLIST_FILE = NYTNews/Info.plist;
				LD_RUNPATH_SEARCH_PATHS = (
					"$(inherited)",
					"@executable_path/Frameworks",
				);
				PRODUCT_BUNDLE_IDENTIFIER = com.arvinq.NYTNews;
				PRODUCT_NAME = "$(TARGET_NAME)";
				SWIFT_VERSION = 5.0;
				TARGETED_DEVICE_FAMILY = "1,2";
			};
			name = Debug;
		};
		A2B69D122704A26800FA3937 /* Release */ = {
			isa = XCBuildConfiguration;
			buildSettings = {
				ASSETCATALOG_COMPILER_APPICON_NAME = AppIcon;
				ASSETCATALOG_COMPILER_GLOBAL_ACCENT_COLOR_NAME = AccentColor;
				CODE_SIGN_STYLE = Automatic;
				DEVELOPMENT_TEAM = 9MQ22N8A9M;
				INFOPLIST_FILE = NYTNews/Info.plist;
				LD_RUNPATH_SEARCH_PATHS = (
					"$(inherited)",
					"@executable_path/Frameworks",
				);
				PRODUCT_BUNDLE_IDENTIFIER = com.arvinq.NYTNews;
				PRODUCT_NAME = "$(TARGET_NAME)";
				SWIFT_VERSION = 5.0;
				TARGETED_DEVICE_FAMILY = "1,2";
			};
			name = Release;
		};
		A2B69D142704A26800FA3937 /* Debug */ = {
			isa = XCBuildConfiguration;
			buildSettings = {
				ALWAYS_EMBED_SWIFT_STANDARD_LIBRARIES = YES;
				BUNDLE_LOADER = "$(TEST_HOST)";
				CODE_SIGN_STYLE = Automatic;
				DEVELOPMENT_TEAM = 9MQ22N8A9M;
				INFOPLIST_FILE = NYTNewsTests/Info.plist;
				IPHONEOS_DEPLOYMENT_TARGET = 14.4;
				LD_RUNPATH_SEARCH_PATHS = (
					"$(inherited)",
					"@executable_path/Frameworks",
					"@loader_path/Frameworks",
				);
				PRODUCT_BUNDLE_IDENTIFIER = com.arvinq.NYTNewsTests;
				PRODUCT_NAME = "$(TARGET_NAME)";
				SWIFT_VERSION = 5.0;
				TARGETED_DEVICE_FAMILY = "1,2";
				TEST_HOST = "$(BUILT_PRODUCTS_DIR)/NYTNews.app/NYTNews";
			};
			name = Debug;
		};
		A2B69D152704A26800FA3937 /* Release */ = {
			isa = XCBuildConfiguration;
			buildSettings = {
				ALWAYS_EMBED_SWIFT_STANDARD_LIBRARIES = YES;
				BUNDLE_LOADER = "$(TEST_HOST)";
				CODE_SIGN_STYLE = Automatic;
				DEVELOPMENT_TEAM = 9MQ22N8A9M;
				INFOPLIST_FILE = NYTNewsTests/Info.plist;
				IPHONEOS_DEPLOYMENT_TARGET = 14.4;
				LD_RUNPATH_SEARCH_PATHS = (
					"$(inherited)",
					"@executable_path/Frameworks",
					"@loader_path/Frameworks",
				);
				PRODUCT_BUNDLE_IDENTIFIER = com.arvinq.NYTNewsTests;
				PRODUCT_NAME = "$(TARGET_NAME)";
				SWIFT_VERSION = 5.0;
				TARGETED_DEVICE_FAMILY = "1,2";
				TEST_HOST = "$(BUILT_PRODUCTS_DIR)/NYTNews.app/NYTNews";
			};
			name = Release;
		};
		A2B69D172704A26800FA3937 /* Debug */ = {
			isa = XCBuildConfiguration;
			buildSettings = {
				ALWAYS_EMBED_SWIFT_STANDARD_LIBRARIES = YES;
				CODE_SIGN_STYLE = Automatic;
				DEVELOPMENT_TEAM = 9MQ22N8A9M;
				INFOPLIST_FILE = NYTNewsUITests/Info.plist;
				LD_RUNPATH_SEARCH_PATHS = (
					"$(inherited)",
					"@executable_path/Frameworks",
					"@loader_path/Frameworks",
				);
				PRODUCT_BUNDLE_IDENTIFIER = com.arvinq.NYTNewsUITests;
				PRODUCT_NAME = "$(TARGET_NAME)";
				SWIFT_VERSION = 5.0;
				TARGETED_DEVICE_FAMILY = "1,2";
				TEST_TARGET_NAME = NYTNews;
			};
			name = Debug;
		};
		A2B69D182704A26800FA3937 /* Release */ = {
			isa = XCBuildConfiguration;
			buildSettings = {
				ALWAYS_EMBED_SWIFT_STANDARD_LIBRARIES = YES;
				CODE_SIGN_STYLE = Automatic;
				DEVELOPMENT_TEAM = 9MQ22N8A9M;
				INFOPLIST_FILE = NYTNewsUITests/Info.plist;
				LD_RUNPATH_SEARCH_PATHS = (
					"$(inherited)",
					"@executable_path/Frameworks",
					"@loader_path/Frameworks",
				);
				PRODUCT_BUNDLE_IDENTIFIER = com.arvinq.NYTNewsUITests;
				PRODUCT_NAME = "$(TARGET_NAME)";
				SWIFT_VERSION = 5.0;
				TARGETED_DEVICE_FAMILY = "1,2";
				TEST_TARGET_NAME = NYTNews;
			};
			name = Release;
		};
/* End XCBuildConfiguration section */

/* Begin XCConfigurationList section */
		A2B69CE12704A25800FA3937 /* Build configuration list for PBXProject "NYTNews" */ = {
			isa = XCConfigurationList;
			buildConfigurations = (
				A2B69D0E2704A26800FA3937 /* Debug */,
				A2B69D0F2704A26800FA3937 /* Release */,
			);
			defaultConfigurationIsVisible = 0;
			defaultConfigurationName = Release;
		};
		A2B69D102704A26800FA3937 /* Build configuration list for PBXNativeTarget "NYTNews" */ = {
			isa = XCConfigurationList;
			buildConfigurations = (
				A2B69D112704A26800FA3937 /* Debug */,
				A2B69D122704A26800FA3937 /* Release */,
			);
			defaultConfigurationIsVisible = 0;
			defaultConfigurationName = Release;
		};
		A2B69D132704A26800FA3937 /* Build configuration list for PBXNativeTarget "NYTNewsTests" */ = {
			isa = XCConfigurationList;
			buildConfigurations = (
				A2B69D142704A26800FA3937 /* Debug */,
				A2B69D152704A26800FA3937 /* Release */,
			);
			defaultConfigurationIsVisible = 0;
			defaultConfigurationName = Release;
		};
		A2B69D162704A26800FA3937 /* Build configuration list for PBXNativeTarget "NYTNewsUITests" */ = {
			isa = XCConfigurationList;
			buildConfigurations = (
				A2B69D172704A26800FA3937 /* Debug */,
				A2B69D182704A26800FA3937 /* Release */,
			);
			defaultConfigurationIsVisible = 0;
			defaultConfigurationName = Release;
		};
/* End XCConfigurationList section */
	};
	rootObject = A2B69CDE2704A25800FA3937 /* Project object */;
}
